
Microsoft Visual Studio Solution File, Format Version 12.00
# Visual Studio Version 16
VisualStudioVersion = 16.0.31105.61
MinimumVisualStudioVersion = 10.0.40219.1
Project("{FAE04EC0-301F-11D3-BF4B-00C04F79EFBC}") = "Calculator", "Calculator.csproj", "{E9C84444-2BFB-4807-A0BA-F8A5C1F8FDF0}"
EndProject
Global
	GlobalSection(SolutionConfigurationPlatforms) = preSolution
		Debug|Any CPU = Debug|Any CPU
		Release|Any CPU = Release|Any CPU
	EndGlobalSection
	GlobalSection(ProjectConfigurationPlatforms) = postSolution
		{E9C84444-2BFB-4807-A0BA-F8A5C1F8FDF0}.Debug|Any CPU.ActiveCfg = Debug|Any CPU
		{E9C84444-2BFB-4807-A0BA-F8A5C1F8FDF0}.Debug|Any CPU.Build.0 = Debug|Any CPU
		{E9C84444-2BFB-4807-A0BA-F8A5C1F8FDF0}.Release|Any CPU.ActiveCfg = Release|Any CPU
		{E9C84444-2BFB-4807-A0BA-F8A5C1F8FDF0}.Release|Any CPU.Build.0 = Release|Any CPU
	EndGlobalSection
	GlobalSection(SolutionProperties) = preSolution
		HideSolutionNode = FALSE
	EndGlobalSection
	GlobalSection(ExtensibilityGlobals) = postSolution
		SolutionGuid = {052A62DD-5C58-4AE7-AD0A-7132E74DC088}
	EndGlobalSection
EndGlobal
